# This file is @generated by PDM.
# It is not intended for manual editing.

[metadata]
groups = ["default", "dev"]
strategy = ["inherit_metadata"]
lock_version = "4.5.0"
content_hash = "sha256:a94a44cdc8dbc6027c6ba8ac3c8c123bf339e602adf5c4f3382c9d3e24cec7b0"

[[metadata.targets]]
requires_python = ">=3.11"

[[package]]
name = "crypts-and-commits"
version = "0.1.0"
requires_python = ">=3.11"
editable = true
path = "./packages/crypts-and-commits"
summary = "A Coding Assistant Continuity Framework. Crypts and Commits uses a tabletop-gaming metaphor to describe collaboration between a developer and an AI coding assistant. The developer acts as the Game Master: establishing context, making decisions, and retaining final authority."
groups = ["default", "dev"]

[[package]]
name = "demo-api"
version = "0.1.0"
requires_python = ">=3.11"
editable = true
path = "./packages/demo-api"
summary = "Default template for PDM package"
groups = ["dev"]
